
Microsoft Visual Studio Solution File, Format Version 12.00
# Visual Studio Version 17
VisualStudioVersion = 17.2.32516.85
MinimumVisualStudioVersion = 10.0.40219.1
Project("{9A19103F-16F7-4668-BE54-9A1E7A4F7556}") = "product.API", "src\product.API.csproj", "{5B04E686-EC09-43AA-BAEA-931DD71AB54D}"
EndProject
Global
	GlobalSection(SolutionConfigurationPlatforms) = preSolution
		Debug|Any CPU = Debug|Any CPU
		Release|Any CPU = Release|Any CPU
	EndGlobalSection
	GlobalSection(ProjectConfigurationPlatforms) = postSolution
		{5B04E686-EC09-43AA-BAEA-931DD71AB54D}.Debug|Any CPU.ActiveCfg = Debug|Any CPU
		{5B04E686-EC09-43AA-BAEA-931DD71AB54D}.Debug|Any CPU.Build.0 = Debug|Any CPU
		{5B04E686-EC09-43AA-BAEA-931DD71AB54D}.Release|Any CPU.ActiveCfg = Release|Any CPU
		{5B04E686-EC09-43AA-BAEA-931DD71AB54D}.Release|Any CPU.Build.0 = Release|Any CPU
	EndGlobalSection
	GlobalSection(SolutionProperties) = preSolution
		HideSolutionNode = FALSE
	EndGlobalSection
	GlobalSection(ExtensibilityGlobals) = postSolution
		SolutionGuid = {279A5153-80A2-4C48-BC7E-3701B6038984}
	EndGlobalSection
EndGlobal
